// !$*UTF8*$!
{
	archiveVersion = 1;
	classes = {
	};
	objectVersion = 77;
	objects = {

/* Begin PBXBuildFile section */
		2324D6C42D2F156800C38607 /* FSCalendar in Frameworks */ = {isa = PBXBuildFile; productRef = 2324D6C32D2F156800C38607 /* FSCalendar */; };
		23A04E452D2C3752008473B1 /* SnapKit in Frameworks */ = {isa = PBXBuildFile; productRef = 23A04E442D2C3752008473B1 /* SnapKit */; };
		23A04E482D2C375D008473B1 /* Then in Frameworks */ = {isa = PBXBuildFile; productRef = 23A04E472D2C375D008473B1 /* Then */; };
		23AC786D2D4C4DB00021BB86 /* ToosieSlide in Frameworks */ = {isa = PBXBuildFile; productRef = 23AC786C2D4C4DB00021BB86 /* ToosieSlide */; };
		6311AD5A2D586BE4004F3A92 /* SDWebImageSVGNativeCoder in Frameworks */ = {isa = PBXBuildFile; productRef = 6311AD592D586BE4004F3A92 /* SDWebImageSVGNativeCoder */; };
		638828A72D464CC2007288E4 /* KakaoSDKFriend in Frameworks */ = {isa = PBXBuildFile; productRef = 638828A62D464CC2007288E4 /* KakaoSDKFriend */; };
		638828A92D464CC2007288E4 /* KakaoSDKFriendCore in Frameworks */ = {isa = PBXBuildFile; productRef = 638828A82D464CC2007288E4 /* KakaoSDKFriendCore */; };
		638828AB2D464CC2007288E4 /* KakaoSDKTalk in Frameworks */ = {isa = PBXBuildFile; productRef = 638828AA2D464CC2007288E4 /* KakaoSDKTalk */; };
		638F56842D5E159C00786717 /* Kingfisher in Frameworks */ = {isa = PBXBuildFile; productRef = 638F56832D5E159C00786717 /* Kingfisher */; };
		639795772D4325EE00947ACA /* FirebaseCore in Frameworks */ = {isa = PBXBuildFile; productRef = 639795762D4325EE00947ACA /* FirebaseCore */; };
		639795792D4325EE00947ACA /* FirebaseMessaging in Frameworks */ = {isa = PBXBuildFile; productRef = 639795782D4325EE00947ACA /* FirebaseMessaging */; };
		6397957C2D43260D00947ACA /* KakaoSDKAuth in Frameworks */ = {isa = PBXBuildFile; productRef = 6397957B2D43260C00947ACA /* KakaoSDKAuth */; };
		6397957E2D43260D00947ACA /* KakaoSDKCommon in Frameworks */ = {isa = PBXBuildFile; productRef = 6397957D2D43260D00947ACA /* KakaoSDKCommon */; };
		639795802D43260D00947ACA /* KakaoSDKUser in Frameworks */ = {isa = PBXBuildFile; productRef = 6397957F2D43260D00947ACA /* KakaoSDKUser */; };
		63BFBBC42D373EA0000AA549 /* Alamofire in Frameworks */ = {isa = PBXBuildFile; productRef = 63BFBBC32D373EA0000AA549 /* Alamofire */; };
		63D942792D56231500CCE231 /* SDWebImageSVGKitPlugin in Frameworks */ = {isa = PBXBuildFile; productRef = 63D942782D56231500CCE231 /* SDWebImageSVGKitPlugin */; };
/* End PBXBuildFile section */

/* Begin PBXFileReference section */
		23A04E1C2D2C0972008473B1 /* PuppyMode.app */ = {isa = PBXFileReference; explicitFileType = wrapper.application; includeInIndex = 0; path = PuppyMode.app; sourceTree = BUILT_PRODUCTS_DIR; };
/* End PBXFileReference section */

/* Begin PBXFileSystemSynchronizedBuildFileExceptionSet section */
		23A04E2E2D2C0987008473B1 /* Exceptions for "PuppyMode" folder in "PuppyMode" target */ = {
			isa = PBXFileSystemSynchronizedBuildFileExceptionSet;
			membershipExceptions = (
				Info.plist,
			);
			target = 23A04E1B2D2C0972008473B1 /* PuppyMode */;
		};
/* End PBXFileSystemSynchronizedBuildFileExceptionSet section */

/* Begin PBXFileSystemSynchronizedRootGroup section */
		23A04E1E2D2C0972008473B1 /* PuppyMode */ = {
			isa = PBXFileSystemSynchronizedRootGroup;
			exceptions = (
				23A04E2E2D2C0987008473B1 /* Exceptions for "PuppyMode" folder in "PuppyMode" target */,
			);
			path = PuppyMode;
			sourceTree = "<group>";
		};
/* End PBXFileSystemSynchronizedRootGroup section */

/* Begin PBXFrameworksBuildPhase section */
		23A04E192D2C0972008473B1 /* Frameworks */ = {
			isa = PBXFrameworksBuildPhase;
			buildActionMask = 2147483647;
			files = (
				63BFBBC42D373EA0000AA549 /* Alamofire in Frameworks */,
				23A04E452D2C3752008473B1 /* SnapKit in Frameworks */,
				6311AD5A2D586BE4004F3A92 /* SDWebImageSVGNativeCoder in Frameworks */,
				639795792D4325EE00947ACA /* FirebaseMessaging in Frameworks */,
				638F56842D5E159C00786717 /* Kingfisher in Frameworks */,
				2324D6C42D2F156800C38607 /* FSCalendar in Frameworks */,
				6397957E2D43260D00947ACA /* KakaoSDKCommon in Frameworks */,
				63D942792D56231500CCE231 /* SDWebImageSVGKitPlugin in Frameworks */,
				638828A72D464CC2007288E4 /* KakaoSDKFriend in Frameworks */,
				638828AB2D464CC2007288E4 /* KakaoSDKTalk in Frameworks */,
				639795772D4325EE00947ACA /* FirebaseCore in Frameworks */,
				23AC786D2D4C4DB00021BB86 /* ToosieSlide in Frameworks */,
				638828A92D464CC2007288E4 /* KakaoSDKFriendCore in Frameworks */,
				23A04E482D2C375D008473B1 /* Then in Frameworks */,
				639795802D43260D00947ACA /* KakaoSDKUser in Frameworks */,
				6397957C2D43260D00947ACA /* KakaoSDKAuth in Frameworks */,
			);
			runOnlyForDeploymentPostprocessing = 0;
		};
/* End PBXFrameworksBuildPhase section */

/* Begin PBXGroup section */
		23A04E132D2C0972008473B1 = {
			isa = PBXGroup;
			children = (
				23A04E1E2D2C0972008473B1 /* PuppyMode */,
				23A04E1D2D2C0972008473B1 /* Products */,
			);
			sourceTree = "<group>";
		};
		23A04E1D2D2C0972008473B1 /* Products */ = {
			isa = PBXGroup;
			children = (
				23A04E1C2D2C0972008473B1 /* PuppyMode.app */,
			);
			name = Products;
			sourceTree = "<group>";
		};
/* End PBXGroup section */

/* Begin PBXNativeTarget section */
		23A04E1B2D2C0972008473B1 /* PuppyMode */ = {
			isa = PBXNativeTarget;
			buildConfigurationList = 23A04E2F2D2C0987008473B1 /* Build configuration list for PBXNativeTarget "PuppyMode" */;
			buildPhases = (
				23A04E182D2C0972008473B1 /* Sources */,
				23A04E192D2C0972008473B1 /* Frameworks */,
				23A04E1A2D2C0972008473B1 /* Resources */,
			);
			buildRules = (
			);
			dependencies = (
			);
			fileSystemSynchronizedGroups = (
				23A04E1E2D2C0972008473B1 /* PuppyMode */,
			);
			name = PuppyMode;
			packageProductDependencies = (
				23A04E442D2C3752008473B1 /* SnapKit */,
				23A04E472D2C375D008473B1 /* Then */,
				2324D6C32D2F156800C38607 /* FSCalendar */,
				63BFBBC32D373EA0000AA549 /* Alamofire */,
				639795762D4325EE00947ACA /* FirebaseCore */,
				639795782D4325EE00947ACA /* FirebaseMessaging */,
				6397957B2D43260C00947ACA /* KakaoSDKAuth */,
				6397957D2D43260D00947ACA /* KakaoSDKCommon */,
				6397957F2D43260D00947ACA /* KakaoSDKUser */,
				638828A62D464CC2007288E4 /* KakaoSDKFriend */,
				638828A82D464CC2007288E4 /* KakaoSDKFriendCore */,
				638828AA2D464CC2007288E4 /* KakaoSDKTalk */,
				23AC786C2D4C4DB00021BB86 /* ToosieSlide */,
				63D942782D56231500CCE231 /* SDWebImageSVGKitPlugin */,
				6311AD592D586BE4004F3A92 /* SDWebImageSVGNativeCoder */,
				638F56832D5E159C00786717 /* Kingfisher */,
			);
			productName = PuppyMode;
			productReference = 23A04E1C2D2C0972008473B1 /* PuppyMode.app */;
			productType = "com.apple.product-type.application";
		};
/* End PBXNativeTarget section */

/* Begin PBXProject section */
		23A04E142D2C0972008473B1 /* Project object */ = {
			isa = PBXProject;
			attributes = {
				BuildIndependentTargetsInParallel = 1;
				LastSwiftUpdateCheck = 1610;
				LastUpgradeCheck = 1620;
				TargetAttributes = {
					23A04E1B2D2C0972008473B1 = {
						CreatedOnToolsVersion = 16.1;
					};
				};
			};
			buildConfigurationList = 23A04E172D2C0972008473B1 /* Build configuration list for PBXProject "PuppyMode" */;
			developmentRegion = en;
			hasScannedForEncodings = 0;
			knownRegions = (
				en,
				Base,
			);
			mainGroup = 23A04E132D2C0972008473B1;
			minimizedProjectReferenceProxies = 1;
			packageReferences = (
				23A04E432D2C3752008473B1 /* XCRemoteSwiftPackageReference "SnapKit" */,
				23A04E462D2C375D008473B1 /* XCRemoteSwiftPackageReference "Then" */,
				2324D6C22D2F156800C38607 /* XCRemoteSwiftPackageReference "FSCalendar" */,
				63BFBBC22D373EA0000AA549 /* XCRemoteSwiftPackageReference "Alamofire" */,
				639795752D4325EE00947ACA /* XCRemoteSwiftPackageReference "firebase-ios-sdk" */,
				6397957A2D43260C00947ACA /* XCRemoteSwiftPackageReference "kakao-ios-sdk" */,
				23AC786B2D4C4DB00021BB86 /* XCRemoteSwiftPackageReference "ToosieSlide" */,
				63D942772D56231500CCE231 /* XCRemoteSwiftPackageReference "SDWebImageSVGKitPlugin" */,
				6311AD582D586BE4004F3A92 /* XCRemoteSwiftPackageReference "SDWebImageSVGNativeCoder" */,
				638F56822D5E159C00786717 /* XCRemoteSwiftPackageReference "Kingfisher" */,
			);
			preferredProjectObjectVersion = 77;
			productRefGroup = 23A04E1D2D2C0972008473B1 /* Products */;
			projectDirPath = "";
			projectRoot = "";
			targets = (
				23A04E1B2D2C0972008473B1 /* PuppyMode */,
			);
		};
/* End PBXProject section */

/* Begin PBXResourcesBuildPhase section */
		23A04E1A2D2C0972008473B1 /* Resources */ = {
			isa = PBXResourcesBuildPhase;
			buildActionMask = 2147483647;
			files = (
			);
			runOnlyForDeploymentPostprocessing = 0;
		};
/* End PBXResourcesBuildPhase section */

/* Begin PBXSourcesBuildPhase section */
		23A04E182D2C0972008473B1 /* Sources */ = {
			isa = PBXSourcesBuildPhase;
			buildActionMask = 2147483647;
			files = (
			);
			runOnlyForDeploymentPostprocessing = 0;
		};
/* End PBXSourcesBuildPhase section */

/* Begin XCBuildConfiguration section */
		23A04E302D2C0987008473B1 /* Debug */ = {
			isa = XCBuildConfiguration;
			baseConfigurationReferenceAnchor = 23A04E1E2D2C0972008473B1 /* PuppyMode */;
			baseConfigurationReferenceRelativePath = API_Keys.xcconfig;
			buildSettings = {
				ASSETCATALOG_COMPILER_APPICON_NAME = AppIcon;
				ASSETCATALOG_COMPILER_GLOBAL_ACCENT_COLOR_NAME = AccentColor;
				CODE_SIGN_ENTITLEMENTS = PuppyMode/PuppyMode.entitlements;
				CODE_SIGN_IDENTITY = "Apple Development";
				CODE_SIGN_STYLE = Automatic;
				CURRENT_PROJECT_VERSION = 1;
				DEVELOPMENT_TEAM = G8X4BWGTSS;
				GENERATE_INFOPLIST_FILE = YES;
				INFOPLIST_FILE = PuppyMode/Info.plist;
				INFOPLIST_KEY_NSLocationAlwaysAndWhenInUseUsageDescription = "사용자의 위치 정보를 이용하여 맞춤형 서비스를 제공합니다.";
				INFOPLIST_KEY_NSLocationWhenInUseUsageDescription = "사용자의 위치 정보를 이용하여 맞춤형 서비스를 제공합니다.";
				INFOPLIST_KEY_UIApplicationSupportsIndirectInputEvents = YES;
				INFOPLIST_KEY_UILaunchStoryboardName = LaunchScreen;
				INFOPLIST_KEY_UISupportedInterfaceOrientations_iPad = "UIInterfaceOrientationPortrait UIInterfaceOrientationPortraitUpsideDown UIInterfaceOrientationLandscapeLeft UIInterfaceOrientationLandscapeRight";
				INFOPLIST_KEY_UISupportedInterfaceOrientations_iPhone = "UIInterfaceOrientationPortrait UIInterfaceOrientationLandscapeLeft UIInterfaceOrientationLandscapeRight";
				LD_RUNPATH_SEARCH_PATHS = (
					"$(inherited)",
					"@executable_path/Frameworks",
				);
				MARKETING_VERSION = 1.0;
				PRODUCT_BUNDLE_IDENTIFIER = com.umc.PuppyMode;
				PRODUCT_NAME = "$(TARGET_NAME)";
				PROVISIONING_PROFILE_SPECIFIER = "";
				SWIFT_EMIT_LOC_STRINGS = YES;
				SWIFT_VERSION = 5.0;
				TARGETED_DEVICE_FAMILY = "1,2";
			};
			name = Debug;
		};
		23A04E312D2C0987008473B1 /* Release */ = {
			isa = XCBuildConfiguration;
			baseConfigurationReferenceAnchor = 23A04E1E2D2C0972008473B1 /* PuppyMode */;
			baseConfigurationReferenceRelativePath = API_Keys.xcconfig;
			buildSettings = {
				ASSETCATALOG_COMPILER_APPICON_NAME = AppIcon;
				ASSETCATALOG_COMPILER_GLOBAL_ACCENT_COLOR_NAME = AccentColor;
				CODE_SIGN_ENTITLEMENTS = PuppyMode/PuppyMode.entitlements;
				CODE_SIGN_IDENTITY = "Apple Development";
				CODE_SIGN_STYLE = Automatic;
				CURRENT_PROJECT_VERSION = 1;
				DEVELOPMENT_TEAM = G8X4BWGTSS;
				GENERATE_INFOPLIST_FILE = YES;
				INFOPLIST_FILE = PuppyMode/Info.plist;
				INFOPLIST_KEY_NSLocationAlwaysAndWhenInUseUsageDescription = "사용자의 위치 정보를 이용하여 맞춤형 서비스를 제공합니다.";
				INFOPLIST_KEY_NSLocationWhenInUseUsageDescription = "사용자의 위치 정보를 이용하여 맞춤형 서비스를 제공합니다.";
				INFOPLIST_KEY_UIApplicationSupportsIndirectInputEvents = YES;
				INFOPLIST_KEY_UILaunchStoryboardName = LaunchScreen;
				INFOPLIST_KEY_UISupportedInterfaceOrientations_iPad = "UIInterfaceOrientationPortrait UIInterfaceOrientationPortraitUpsideDown UIInterfaceOrientationLandscapeLeft UIInterfaceOrientationLandscapeRight";
				INFOPLIST_KEY_UISupportedInterfaceOrientations_iPhone = "UIInterfaceOrientationPortrait UIInterfaceOrientationLandscapeLeft UIInterfaceOrientationLandscapeRight";
				LD_RUNPATH_SEARCH_PATHS = (
					"$(inherited)",
					"@executable_path/Frameworks",
				);
				MARKETING_VERSION = 1.0;
				PRODUCT_BUNDLE_IDENTIFIER = com.umc.PuppyMode;
				PRODUCT_NAME = "$(TARGET_NAME)";
				PROVISIONING_PROFILE_SPECIFIER = "";
				SWIFT_EMIT_LOC_STRINGS = YES;
				SWIFT_VERSION = 5.0;
				TARGETED_DEVICE_FAMILY = "1,2";
			};
			name = Release;
		};
		23A04E322D2C0987008473B1 /* Debug */ = {
			isa = XCBuildConfiguration;
			buildSettings = {
				ALWAYS_SEARCH_USER_PATHS = NO;
				ASSETCATALOG_COMPILER_GENERATE_SWIFT_ASSET_SYMBOL_EXTENSIONS = YES;
				CLANG_ANALYZER_NONNULL = YES;
				CLANG_ANALYZER_NUMBER_OBJECT_CONVERSION = YES_AGGRESSIVE;
				CLANG_CXX_LANGUAGE_STANDARD = "gnu++20";
				CLANG_ENABLE_MODULES = YES;
				CLANG_ENABLE_OBJC_ARC = YES;
				CLANG_ENABLE_OBJC_WEAK = YES;
				CLANG_WARN_BLOCK_CAPTURE_AUTORELEASING = YES;
				CLANG_WARN_BOOL_CONVERSION = YES;
				CLANG_WARN_COMMA = YES;
				CLANG_WARN_CONSTANT_CONVERSION = YES;
				CLANG_WARN_DEPRECATED_OBJC_IMPLEMENTATIONS = YES;
				CLANG_WARN_DIRECT_OBJC_ISA_USAGE = YES_ERROR;
				CLANG_WARN_DOCUMENTATION_COMMENTS = YES;
				CLANG_WARN_EMPTY_BODY = YES;
				CLANG_WARN_ENUM_CONVERSION = YES;
				CLANG_WARN_INFINITE_RECURSION = YES;
				CLANG_WARN_INT_CONVERSION = YES;
				CLANG_WARN_NON_LITERAL_NULL_CONVERSION = YES;
				CLANG_WARN_OBJC_IMPLICIT_RETAIN_SELF = YES;
				CLANG_WARN_OBJC_LITERAL_CONVERSION = YES;
				CLANG_WARN_OBJC_ROOT_CLASS = YES_ERROR;
				CLANG_WARN_QUOTED_INCLUDE_IN_FRAMEWORK_HEADER = YES;
				CLANG_WARN_RANGE_LOOP_ANALYSIS = YES;
				CLANG_WARN_STRICT_PROTOTYPES = YES;
				CLANG_WARN_SUSPICIOUS_MOVE = YES;
				CLANG_WARN_UNGUARDED_AVAILABILITY = YES_AGGRESSIVE;
				CLANG_WARN_UNREACHABLE_CODE = YES;
				CLANG_WARN__DUPLICATE_METHOD_MATCH = YES;
				COPY_PHASE_STRIP = NO;
				DEBUG_INFORMATION_FORMAT = dwarf;
				ENABLE_STRICT_OBJC_MSGSEND = YES;
				ENABLE_TESTABILITY = YES;
				ENABLE_USER_SCRIPT_SANDBOXING = YES;
				GCC_C_LANGUAGE_STANDARD = gnu17;
				GCC_DYNAMIC_NO_PIC = NO;
				GCC_NO_COMMON_BLOCKS = YES;
				GCC_OPTIMIZATION_LEVEL = 0;
				GCC_PREPROCESSOR_DEFINITIONS = (
					"DEBUG=1",
					"$(inherited)",
				);
				GCC_WARN_64_TO_32_BIT_CONVERSION = YES;
				GCC_WARN_ABOUT_RETURN_TYPE = YES_ERROR;
				GCC_WARN_UNDECLARED_SELECTOR = YES;
				GCC_WARN_UNINITIALIZED_AUTOS = YES_AGGRESSIVE;
				GCC_WARN_UNUSED_FUNCTION = YES;
				GCC_WARN_UNUSED_VARIABLE = YES;
				IPHONEOS_DEPLOYMENT_TARGET = 18.1;
				LOCALIZATION_PREFERS_STRING_CATALOGS = YES;
				MTL_ENABLE_DEBUG_INFO = INCLUDE_SOURCE;
				MTL_FAST_MATH = YES;
				ONLY_ACTIVE_ARCH = YES;
				SDKROOT = iphoneos;
				SWIFT_ACTIVE_COMPILATION_CONDITIONS = "DEBUG $(inherited)";
				SWIFT_OPTIMIZATION_LEVEL = "-Onone";
			};
			name = Debug;
		};
		23A04E332D2C0987008473B1 /* Release */ = {
			isa = XCBuildConfiguration;
			buildSettings = {
				ALWAYS_SEARCH_USER_PATHS = NO;
				ASSETCATALOG_COMPILER_GENERATE_SWIFT_ASSET_SYMBOL_EXTENSIONS = YES;
				CLANG_ANALYZER_NONNULL = YES;
				CLANG_ANALYZER_NUMBER_OBJECT_CONVERSION = YES_AGGRESSIVE;
				CLANG_CXX_LANGUAGE_STANDARD = "gnu++20";
				CLANG_ENABLE_MODULES = YES;
				CLANG_ENABLE_OBJC_ARC = YES;
				CLANG_ENABLE_OBJC_WEAK = YES;
				CLANG_WARN_BLOCK_CAPTURE_AUTORELEASING = YES;
				CLANG_WARN_BOOL_CONVERSION = YES;
				CLANG_WARN_COMMA = YES;
				CLANG_WARN_CONSTANT_CONVERSION = YES;
				CLANG_WARN_DEPRECATED_OBJC_IMPLEMENTATIONS = YES;
				CLANG_WARN_DIRECT_OBJC_ISA_USAGE = YES_ERROR;
				CLANG_WARN_DOCUMENTATION_COMMENTS = YES;
				CLANG_WARN_EMPTY_BODY = YES;
				CLANG_WARN_ENUM_CONVERSION = YES;
				CLANG_WARN_INFINITE_RECURSION = YES;
				CLANG_WARN_INT_CONVERSION = YES;
				CLANG_WARN_NON_LITERAL_NULL_CONVERSION = YES;
				CLANG_WARN_OBJC_IMPLICIT_RETAIN_SELF = YES;
				CLANG_WARN_OBJC_LITERAL_CONVERSION = YES;
				CLANG_WARN_OBJC_ROOT_CLASS = YES_ERROR;
				CLANG_WARN_QUOTED_INCLUDE_IN_FRAMEWORK_HEADER = YES;
				CLANG_WARN_RANGE_LOOP_ANALYSIS = YES;
				CLANG_WARN_STRICT_PROTOTYPES = YES;
				CLANG_WARN_SUSPICIOUS_MOVE = YES;
				CLANG_WARN_UNGUARDED_AVAILABILITY = YES_AGGRESSIVE;
				CLANG_WARN_UNREACHABLE_CODE = YES;
				CLANG_WARN__DUPLICATE_METHOD_MATCH = YES;
				COPY_PHASE_STRIP = NO;
				DEBUG_INFORMATION_FORMAT = "dwarf-with-dsym";
				ENABLE_NS_ASSERTIONS = NO;
				ENABLE_STRICT_OBJC_MSGSEND = YES;
				ENABLE_USER_SCRIPT_SANDBOXING = YES;
				GCC_C_LANGUAGE_STANDARD = gnu17;
				GCC_NO_COMMON_BLOCKS = YES;
				GCC_WARN_64_TO_32_BIT_CONVERSION = YES;
				GCC_WARN_ABOUT_RETURN_TYPE = YES_ERROR;
				GCC_WARN_UNDECLARED_SELECTOR = YES;
				GCC_WARN_UNINITIALIZED_AUTOS = YES_AGGRESSIVE;
				GCC_WARN_UNUSED_FUNCTION = YES;
				GCC_WARN_UNUSED_VARIABLE = YES;
				IPHONEOS_DEPLOYMENT_TARGET = 18.1;
				LOCALIZATION_PREFERS_STRING_CATALOGS = YES;
				MTL_ENABLE_DEBUG_INFO = NO;
				MTL_FAST_MATH = YES;
				SDKROOT = iphoneos;
				SWIFT_COMPILATION_MODE = wholemodule;
				VALIDATE_PRODUCT = YES;
			};
			name = Release;
		};
/* End XCBuildConfiguration section */

/* Begin XCConfigurationList section */
		23A04E172D2C0972008473B1 /* Build configuration list for PBXProject "PuppyMode" */ = {
			isa = XCConfigurationList;
			buildConfigurations = (
				23A04E322D2C0987008473B1 /* Debug */,
				23A04E332D2C0987008473B1 /* Release */,
			);
			defaultConfigurationIsVisible = 0;
			defaultConfigurationName = Release;
		};
		23A04E2F2D2C0987008473B1 /* Build configuration list for PBXNativeTarget "PuppyMode" */ = {
			isa = XCConfigurationList;
			buildConfigurations = (
				23A04E302D2C0987008473B1 /* Debug */,
				23A04E312D2C0987008473B1 /* Release */,
			);
			defaultConfigurationIsVisible = 0;
			defaultConfigurationName = Release;
		};
/* End XCConfigurationList section */

/* Begin XCRemoteSwiftPackageReference section */
		2324D6C22D2F156800C38607 /* XCRemoteSwiftPackageReference "FSCalendar" */ = {
			isa = XCRemoteSwiftPackageReference;
			repositoryURL = "https://github.com/WenchaoD/FSCalendar";
			requirement = {
				kind = upToNextMajorVersion;
				minimumVersion = 2.8.4;
			};
		};
		23A04E432D2C3752008473B1 /* XCRemoteSwiftPackageReference "SnapKit" */ = {
			isa = XCRemoteSwiftPackageReference;
			repositoryURL = "https://github.com/SnapKit/SnapKit";
			requirement = {
				kind = upToNextMajorVersion;
				minimumVersion = 5.7.1;
			};
		};
		23A04E462D2C375D008473B1 /* XCRemoteSwiftPackageReference "Then" */ = {
			isa = XCRemoteSwiftPackageReference;
			repositoryURL = "https://github.com/devxoul/Then";
			requirement = {
				kind = upToNextMajorVersion;
				minimumVersion = 3.0.0;
			};
		};
		23AC786B2D4C4DB00021BB86 /* XCRemoteSwiftPackageReference "ToosieSlide" */ = {
			isa = XCRemoteSwiftPackageReference;
			repositoryURL = "https://github.com/TheInkedEngineer/ToosieSlide.git";
			requirement = {
				kind = upToNextMajorVersion;
				minimumVersion = 1.1.1;
			};
		};
		6311AD582D586BE4004F3A92 /* XCRemoteSwiftPackageReference "SDWebImageSVGNativeCoder" */ = {
			isa = XCRemoteSwiftPackageReference;
			repositoryURL = "https://github.com/SDWebImage/SDWebImageSVGNativeCoder.git";
			requirement = {
				kind = upToNextMajorVersion;
				minimumVersion = 0.2.0;
			};
		};
		638F56822D5E159C00786717 /* XCRemoteSwiftPackageReference "Kingfisher" */ = {
			isa = XCRemoteSwiftPackageReference;
			repositoryURL = "https://github.com/onevcat/Kingfisher.git";
			requirement = {
				kind = upToNextMajorVersion;
				minimumVersion = 8.2.0;
			};
		};
		639795752D4325EE00947ACA /* XCRemoteSwiftPackageReference "firebase-ios-sdk" */ = {
			isa = XCRemoteSwiftPackageReference;
			repositoryURL = "https://github.com/firebase/firebase-ios-sdk";
			requirement = {
				kind = upToNextMajorVersion;
				minimumVersion = 11.7.0;
			};
		};
		6397957A2D43260C00947ACA /* XCRemoteSwiftPackageReference "kakao-ios-sdk" */ = {
			isa = XCRemoteSwiftPackageReference;
			repositoryURL = "https://github.com/kakao/kakao-ios-sdk";
			requirement = {
				kind = upToNextMajorVersion;
				minimumVersion = 2.23.0;
			};
		};
		63BFBBC22D373EA0000AA549 /* XCRemoteSwiftPackageReference "Alamofire" */ = {
			isa = XCRemoteSwiftPackageReference;
			repositoryURL = "https://github.com/Alamofire/Alamofire.git";
			requirement = {
				kind = upToNextMajorVersion;
				minimumVersion = 5.10.2;
			};
		};
		63D942772D56231500CCE231 /* XCRemoteSwiftPackageReference "SDWebImageSVGKitPlugin" */ = {
			isa = XCRemoteSwiftPackageReference;
			repositoryURL = "https://github.com/SDWebImage/SDWebImageSVGKitPlugin.git";
			requirement = {
				kind = upToNextMajorVersion;
				minimumVersion = 1.4.0;
			};
		};
/* End XCRemoteSwiftPackageReference section */

/* Begin XCSwiftPackageProductDependency section */
		2324D6C32D2F156800C38607 /* FSCalendar */ = {
			isa = XCSwiftPackageProductDependency;
			package = 2324D6C22D2F156800C38607 /* XCRemoteSwiftPackageReference "FSCalendar" */;
			productName = FSCalendar;
		};
		23A04E442D2C3752008473B1 /* SnapKit */ = {
			isa = XCSwiftPackageProductDependency;
			package = 23A04E432D2C3752008473B1 /* XCRemoteSwiftPackageReference "SnapKit" */;
			productName = SnapKit;
		};
		23A04E472D2C375D008473B1 /* Then */ = {
			isa = XCSwiftPackageProductDependency;
			package = 23A04E462D2C375D008473B1 /* XCRemoteSwiftPackageReference "Then" */;
			productName = Then;
		};
		23AC786C2D4C4DB00021BB86 /* ToosieSlide */ = {
			isa = XCSwiftPackageProductDependency;
			package = 23AC786B2D4C4DB00021BB86 /* XCRemoteSwiftPackageReference "ToosieSlide" */;
			productName = ToosieSlide;
		};
		6311AD592D586BE4004F3A92 /* SDWebImageSVGNativeCoder */ = {
			isa = XCSwiftPackageProductDependency;
			package = 6311AD582D586BE4004F3A92 /* XCRemoteSwiftPackageReference "SDWebImageSVGNativeCoder" */;
			productName = SDWebImageSVGNativeCoder;
		};
		638828A62D464CC2007288E4 /* KakaoSDKFriend */ = {
			isa = XCSwiftPackageProductDependency;
			package = 6397957A2D43260C00947ACA /* XCRemoteSwiftPackageReference "kakao-ios-sdk" */;
			productName = KakaoSDKFriend;
		};
		638828A82D464CC2007288E4 /* KakaoSDKFriendCore */ = {
			isa = XCSwiftPackageProductDependency;
			package = 6397957A2D43260C00947ACA /* XCRemoteSwiftPackageReference "kakao-ios-sdk" */;
			productName = KakaoSDKFriendCore;
		};
		638828AA2D464CC2007288E4 /* KakaoSDKTalk */ = {
			isa = XCSwiftPackageProductDependency;
			package = 6397957A2D43260C00947ACA /* XCRemoteSwiftPackageReference "kakao-ios-sdk" */;
			productName = KakaoSDKTalk;
		};
		638F56832D5E159C00786717 /* Kingfisher */ = {
			isa = XCSwiftPackageProductDependency;
			package = 638F56822D5E159C00786717 /* XCRemoteSwiftPackageReference "Kingfisher" */;
			productName = Kingfisher;
		};
		639795762D4325EE00947ACA /* FirebaseCore */ = {
			isa = XCSwiftPackageProductDependency;
			package = 639795752D4325EE00947ACA /* XCRemoteSwiftPackageReference "firebase-ios-sdk" */;
			productName = FirebaseCore;
		};
		639795782D4325EE00947ACA /* FirebaseMessaging */ = {
			isa = XCSwiftPackageProductDependency;
			package = 639795752D4325EE00947ACA /* XCRemoteSwiftPackageReference "firebase-ios-sdk" */;
			productName = FirebaseMessaging;
		};
		6397957B2D43260C00947ACA /* KakaoSDKAuth */ = {
			isa = XCSwiftPackageProductDependency;
			package = 6397957A2D43260C00947ACA /* XCRemoteSwiftPackageReference "kakao-ios-sdk" */;
			productName = KakaoSDKAuth;
		};
		6397957D2D43260D00947ACA /* KakaoSDKCommon */ = {
			isa = XCSwiftPackageProductDependency;
			package = 6397957A2D43260C00947ACA /* XCRemoteSwiftPackageReference "kakao-ios-sdk" */;
			productName = KakaoSDKCommon;
		};
		6397957F2D43260D00947ACA /* KakaoSDKUser */ = {
			isa = XCSwiftPackageProductDependency;
			package = 6397957A2D43260C00947ACA /* XCRemoteSwiftPackageReference "kakao-ios-sdk" */;
			productName = KakaoSDKUser;
		};
		63BFBBC32D373EA0000AA549 /* Alamofire */ = {
			isa = XCSwiftPackageProductDependency;
			package = 63BFBBC22D373EA0000AA549 /* XCRemoteSwiftPackageReference "Alamofire" */;
			productName = Alamofire;
		};
		63D942782D56231500CCE231 /* SDWebImageSVGKitPlugin */ = {
			isa = XCSwiftPackageProductDependency;
			package = 63D942772D56231500CCE231 /* XCRemoteSwiftPackageReference "SDWebImageSVGKitPlugin" */;
			productName = SDWebImageSVGKitPlugin;
		};
/* End XCSwiftPackageProductDependency section */
	};
	rootObject = 23A04E142D2C0972008473B1 /* Project object */;
}
